// !$*UTF8*$!
{
	archiveVersion = 1;
	classes = {
	};
	objectVersion = 56;
	objects = {

/* Begin PBXBuildFile section */
		687366352B001B830008937A /* LandmarksApp.swift in Sources */ = {isa = PBXBuildFile; fileRef = 687366342B001B830008937A /* LandmarksApp.swift */; };
		687366392B001B840008937A /* Assets.xcassets in Resources */ = {isa = PBXBuildFile; fileRef = 687366382B001B840008937A /* Assets.xcassets */; };
		6873663C2B001B840008937A /* Preview Assets.xcassets in Resources */ = {isa = PBXBuildFile; fileRef = 6873663B2B001B840008937A /* Preview Assets.xcassets */; };
		687366952B007A4D0008937A /* LandmarkList.swift in Sources */ = {isa = PBXBuildFile; fileRef = 687366882B007A4D0008937A /* LandmarkList.swift */; };
		687366962B007A4D0008937A /* LandmarkDetail.swift in Sources */ = {isa = PBXBuildFile; fileRef = 687366892B007A4D0008937A /* LandmarkDetail.swift */; };
		687366972B007A4D0008937A /* LandmarkRow.swift in Sources */ = {isa = PBXBuildFile; fileRef = 6873668A2B007A4D0008937A /* LandmarkRow.swift */; };
		687366982B007A4D0008937A /* MapView.swift in Sources */ = {isa = PBXBuildFile; fileRef = 6873668C2B007A4D0008937A /* MapView.swift */; };
		687366992B007A4D0008937A /* CircleImage.swift in Sources */ = {isa = PBXBuildFile; fileRef = 6873668D2B007A4D0008937A /* CircleImage.swift */; };
		6873669A2B007A4D0008937A /* FavoriteButton.swift in Sources */ = {isa = PBXBuildFile; fileRef = 6873668E2B007A4D0008937A /* FavoriteButton.swift */; };
		6873669B2B007A4D0008937A /* ContentView.swift in Sources */ = {isa = PBXBuildFile; fileRef = 6873668F2B007A4D0008937A /* ContentView.swift */; };
		6873669C2B007A4D0008937A /* ModelData.swift in Sources */ = {isa = PBXBuildFile; fileRef = 687366912B007A4D0008937A /* ModelData.swift */; };
		6873669D2B007A4D0008937A /* Landmark.swift in Sources */ = {isa = PBXBuildFile; fileRef = 687366922B007A4D0008937A /* Landmark.swift */; };
		6873669E2B007A4D0008937A /* landmarkData.json in Resources */ = {isa = PBXBuildFile; fileRef = 687366942B007A4D0008937A /* landmarkData.json */; };
		687366A02B01668A0008937A /* HexagonParameters.swift in Sources */ = {isa = PBXBuildFile; fileRef = 6873669F2B01668A0008937A /* HexagonParameters.swift */; };
		687366A22B01677A0008937A /* BadgeBackground.swift in Sources */ = {isa = PBXBuildFile; fileRef = 687366A12B01677A0008937A /* BadgeBackground.swift */; };
		687366A42B016F730008937A /* BadgeSymbol.swift in Sources */ = {isa = PBXBuildFile; fileRef = 687366A32B016F730008937A /* BadgeSymbol.swift */; };
		687366A62B016FEF0008937A /* RotateBadgeSymbol.swift in Sources */ = {isa = PBXBuildFile; fileRef = 687366A52B016FEF0008937A /* RotateBadgeSymbol.swift */; };
		687366A82B0170220008937A /* Badge.swift in Sources */ = {isa = PBXBuildFile; fileRef = 687366A72B0170220008937A /* Badge.swift */; };
		687366AB2B01975C0008937A /* hikeData.json in Resources */ = {isa = PBXBuildFile; fileRef = 687366AA2B01975C0008937A /* hikeData.json */; };
		687366AD2B0197700008937A /* Hike.swift in Sources */ = {isa = PBXBuildFile; fileRef = 687366AC2B0197700008937A /* Hike.swift */; };
		687366B32B0198200008937A /* GraphCapsule.swift in Sources */ = {isa = PBXBuildFile; fileRef = 687366AF2B0198200008937A /* GraphCapsule.swift */; };
		687366B42B0198200008937A /* HikeGraph.swift in Sources */ = {isa = PBXBuildFile; fileRef = 687366B02B0198200008937A /* HikeGraph.swift */; };
		687366B52B0198200008937A /* HikeDetail.swift in Sources */ = {isa = PBXBuildFile; fileRef = 687366B12B0198200008937A /* HikeDetail.swift */; };
		687366B62B0198200008937A /* HikeView.swift in Sources */ = {isa = PBXBuildFile; fileRef = 687366B22B0198200008937A /* HikeView.swift */; };
/* End PBXBuildFile section */

/* Begin PBXFileReference section */
		687366312B001B830008937A /* Landmarks.app */ = {isa = PBXFileReference; explicitFileType = wrapper.application; includeInIndex = 0; path = Landmarks.app; sourceTree = BUILT_PRODUCTS_DIR; };
		687366342B001B830008937A /* LandmarksApp.swift */ = {isa = PBXFileReference; lastKnownFileType = sourcecode.swift; path = LandmarksApp.swift; sourceTree = "<group>"; };
		687366382B001B840008937A /* Assets.xcassets */ = {isa = PBXFileReference; lastKnownFileType = folder.assetcatalog; path = Assets.xcassets; sourceTree = "<group>"; };
		6873663B2B001B840008937A /* Preview Assets.xcassets */ = {isa = PBXFileReference; lastKnownFileType = folder.assetcatalog; path = "Preview Assets.xcassets"; sourceTree = "<group>"; };
		687366882B007A4D0008937A /* LandmarkList.swift */ = {isa = PBXFileReference; fileEncoding = 4; lastKnownFileType = sourcecode.swift; path = LandmarkList.swift; sourceTree = "<group>"; };
		687366892B007A4D0008937A /* LandmarkDetail.swift */ = {isa = PBXFileReference; fileEncoding = 4; lastKnownFileType = sourcecode.swift; path = LandmarkDetail.swift; sourceTree = "<group>"; };
		6873668A2B007A4D0008937A /* LandmarkRow.swift */ = {isa = PBXFileReference; fileEncoding = 4; lastKnownFileType = sourcecode.swift; path = LandmarkRow.swift; sourceTree = "<group>"; };
		6873668C2B007A4D0008937A /* MapView.swift */ = {isa = PBXFileReference; fileEncoding = 4; lastKnownFileType = sourcecode.swift; path = MapView.swift; sourceTree = "<group>"; };
		6873668D2B007A4D0008937A /* CircleImage.swift */ = {isa = PBXFileReference; fileEncoding = 4; lastKnownFileType = sourcecode.swift; path = CircleImage.swift; sourceTree = "<group>"; };
		6873668E2B007A4D0008937A /* FavoriteButton.swift */ = {isa = PBXFileReference; fileEncoding = 4; lastKnownFileType = sourcecode.swift; path = FavoriteButton.swift; sourceTree = "<group>"; };
		6873668F2B007A4D0008937A /* ContentView.swift */ = {isa = PBXFileReference; fileEncoding = 4; lastKnownFileType = sourcecode.swift; path = ContentView.swift; sourceTree = "<group>"; };
		687366912B007A4D0008937A /* ModelData.swift */ = {isa = PBXFileReference; fileEncoding = 4; lastKnownFileType = sourcecode.swift; path = ModelData.swift; sourceTree = "<group>"; };
		687366922B007A4D0008937A /* Landmark.swift */ = {isa = PBXFileReference; fileEncoding = 4; lastKnownFileType = sourcecode.swift; path = Landmark.swift; sourceTree = "<group>"; };
		687366942B007A4D0008937A /* landmarkData.json */ = {isa = PBXFileReference; fileEncoding = 4; lastKnownFileType = text.json; path = landmarkData.json; sourceTree = "<group>"; };
		6873669F2B01668A0008937A /* HexagonParameters.swift */ = {isa = PBXFileReference; lastKnownFileType = sourcecode.swift; path = HexagonParameters.swift; sourceTree = "<group>"; };
		687366A12B01677A0008937A /* BadgeBackground.swift */ = {isa = PBXFileReference; lastKnownFileType = sourcecode.swift; path = BadgeBackground.swift; sourceTree = "<group>"; };
		687366A32B016F730008937A /* BadgeSymbol.swift */ = {isa = PBXFileReference; lastKnownFileType = sourcecode.swift; path = BadgeSymbol.swift; sourceTree = "<group>"; };
		687366A52B016FEF0008937A /* RotateBadgeSymbol.swift */ = {isa = PBXFileReference; lastKnownFileType = sourcecode.swift; path = RotateBadgeSymbol.swift; sourceTree = "<group>"; };
		687366A72B0170220008937A /* Badge.swift */ = {isa = PBXFileReference; lastKnownFileType = sourcecode.swift; path = Badge.swift; sourceTree = "<group>"; };
		687366AA2B01975C0008937A /* hikeData.json */ = {isa = PBXFileReference; fileEncoding = 4; lastKnownFileType = text.json; path = hikeData.json; sourceTree = "<group>"; };
		687366AC2B0197700008937A /* Hike.swift */ = {isa = PBXFileReference; lastKnownFileType = sourcecode.swift; path = Hike.swift; sourceTree = "<group>"; };
		687366AF2B0198200008937A /* GraphCapsule.swift */ = {isa = PBXFileReference; fileEncoding = 4; lastKnownFileType = sourcecode.swift; path = GraphCapsule.swift; sourceTree = "<group>"; };
		687366B02B0198200008937A /* HikeGraph.swift */ = {isa = PBXFileReference; fileEncoding = 4; lastKnownFileType = sourcecode.swift; path = HikeGraph.swift; sourceTree = "<group>"; };
		687366B12B0198200008937A /* HikeDetail.swift */ = {isa = PBXFileReference; fileEncoding = 4; lastKnownFileType = sourcecode.swift; path = HikeDetail.swift; sourceTree = "<group>"; };
		687366B22B0198200008937A /* HikeView.swift */ = {isa = PBXFileReference; fileEncoding = 4; lastKnownFileType = sourcecode.swift; path = HikeView.swift; sourceTree = "<group>"; };
/* End PBXFileReference section */

/* Begin PBXFrameworksBuildPhase section */
		6873662E2B001B830008937A /* Frameworks */ = {
			isa = PBXFrameworksBuildPhase;
			buildActionMask = 2147483647;
			files = (
			);
			runOnlyForDeploymentPostprocessing = 0;
		};
/* End PBXFrameworksBuildPhase section */

/* Begin PBXGroup section */
		687366282B001B830008937A = {
			isa = PBXGroup;
			children = (
				687366332B001B830008937A /* Landmarks */,
				687366322B001B830008937A /* Products */,
			);
			sourceTree = "<group>";
		};
		687366322B001B830008937A /* Products */ = {
			isa = PBXGroup;
			children = (
				687366312B001B830008937A /* Landmarks.app */,
			);
			name = Products;
			sourceTree = "<group>";
		};
		687366332B001B830008937A /* Landmarks */ = {
			isa = PBXGroup;
			children = (
				687366342B001B830008937A /* LandmarksApp.swift */,
				687366902B007A4D0008937A /* Model */,
				687366932B007A4D0008937A /* Resources */,
				687366862B007A4D0008937A /* Views */,
				687366382B001B840008937A /* Assets.xcassets */,
				6873663A2B001B840008937A /* Preview Content */,
			);
			path = Landmarks;
			sourceTree = "<group>";
		};
		6873663A2B001B840008937A /* Preview Content */ = {
			isa = PBXGroup;
			children = (
				6873663B2B001B840008937A /* Preview Assets.xcassets */,
			);
			path = "Preview Content";
			sourceTree = "<group>";
		};
		687366862B007A4D0008937A /* Views */ = {
			isa = PBXGroup;
			children = (
				6873668F2B007A4D0008937A /* ContentView.swift */,
				687366AE2B0198200008937A /* Hikes */,
				687366872B007A4D0008937A /* Landmarks */,
				6873668B2B007A4D0008937A /* Helper */,
				687366A92B0173320008937A /* Badge */,
			);
			path = Views;
			sourceTree = "<group>";
		};
		687366872B007A4D0008937A /* Landmarks */ = {
			isa = PBXGroup;
			children = (
				687366882B007A4D0008937A /* LandmarkList.swift */,
				687366892B007A4D0008937A /* LandmarkDetail.swift */,
				6873668A2B007A4D0008937A /* LandmarkRow.swift */,
			);
			path = Landmarks;
			sourceTree = "<group>";
		};
		6873668B2B007A4D0008937A /* Helper */ = {
			isa = PBXGroup;
			children = (
				6873668C2B007A4D0008937A /* MapView.swift */,
				6873668D2B007A4D0008937A /* CircleImage.swift */,
				6873668E2B007A4D0008937A /* FavoriteButton.swift */,
			);
			path = Helper;
			sourceTree = "<group>";
		};
		687366902B007A4D0008937A /* Model */ = {
			isa = PBXGroup;
			children = (
				687366912B007A4D0008937A /* ModelData.swift */,
				687366922B007A4D0008937A /* Landmark.swift */,
				687366AC2B0197700008937A /* Hike.swift */,
			);
			path = Model;
			sourceTree = "<group>";
		};
		687366932B007A4D0008937A /* Resources */ = {
			isa = PBXGroup;
			children = (
				687366AA2B01975C0008937A /* hikeData.json */,
				687366942B007A4D0008937A /* landmarkData.json */,
			);
			path = Resources;
			sourceTree = "<group>";
		};
		687366A92B0173320008937A /* Badge */ = {
			isa = PBXGroup;
			children = (
				6873669F2B01668A0008937A /* HexagonParameters.swift */,
				687366A12B01677A0008937A /* BadgeBackground.swift */,
				687366A32B016F730008937A /* BadgeSymbol.swift */,
				687366A52B016FEF0008937A /* RotateBadgeSymbol.swift */,
				687366A72B0170220008937A /* Badge.swift */,
			);
			path = Badge;
			sourceTree = "<group>";
		};
		687366AE2B0198200008937A /* Hikes */ = {
			isa = PBXGroup;
			children = (
				687366AF2B0198200008937A /* GraphCapsule.swift */,
				687366B02B0198200008937A /* HikeGraph.swift */,
				687366B12B0198200008937A /* HikeDetail.swift */,
				687366B22B0198200008937A /* HikeView.swift */,
			);
			path = Hikes;
			sourceTree = "<group>";
		};
/* End PBXGroup section */

/* Begin PBXNativeTarget section */
		687366302B001B830008937A /* Landmarks */ = {
			isa = PBXNativeTarget;
			buildConfigurationList = 6873663F2B001B840008937A /* Build configuration list for PBXNativeTarget "Landmarks" */;
			buildPhases = (
				6873662D2B001B830008937A /* Sources */,
				6873662E2B001B830008937A /* Frameworks */,
				6873662F2B001B830008937A /* Resources */,
			);
			buildRules = (
			);
			dependencies = (
			);
			name = Landmarks;
			productName = Landmarks;
			productReference = 687366312B001B830008937A /* Landmarks.app */;
			productType = "com.apple.product-type.application";
		};
/* End PBXNativeTarget section */

/* Begin PBXProject section */
		687366292B001B830008937A /* Project object */ = {
			isa = PBXProject;
			attributes = {
				BuildIndependentTargetsInParallel = 1;
				LastSwiftUpdateCheck = 1500;
				LastUpgradeCheck = 1500;
				TargetAttributes = {
					687366302B001B830008937A = {
						CreatedOnToolsVersion = 15.0.1;
					};
				};
			};
			buildConfigurationList = 6873662C2B001B830008937A /* Build configuration list for PBXProject "Landmarks" */;
			compatibilityVersion = "Xcode 14.0";
			developmentRegion = en;
			hasScannedForEncodings = 0;
			knownRegions = (
				en,
				Base,
			);
			mainGroup = 687366282B001B830008937A;
			productRefGroup = 687366322B001B830008937A /* Products */;
			projectDirPath = "";
			projectRoot = "";
			targets = (
				687366302B001B830008937A /* Landmarks */,
			);
		};
/* End PBXProject section */

/* Begin PBXResourcesBuildPhase section */
		6873662F2B001B830008937A /* Resources */ = {
			isa = PBXResourcesBuildPhase;
			buildActionMask = 2147483647;
			files = (
				687366AB2B01975C0008937A /* hikeData.json in Resources */,
				6873663C2B001B840008937A /* Preview Assets.xcassets in Resources */,
				687366392B001B840008937A /* Assets.xcassets in Resources */,
				6873669E2B007A4D0008937A /* landmarkData.json in Resources */,
			);
			runOnlyForDeploymentPostprocessing = 0;
		};
/* End PBXResourcesBuildPhase section */

/* Begin PBXSourcesBuildPhase section */
		6873662D2B001B830008937A /* Sources */ = {
			isa = PBXSourcesBuildPhase;
			buildActionMask = 2147483647;
			files = (
				687366352B001B830008937A /* LandmarksApp.swift in Sources */,
				687366B42B0198200008937A /* HikeGraph.swift in Sources */,
				687366A82B0170220008937A /* Badge.swift in Sources */,
				687366962B007A4D0008937A /* LandmarkDetail.swift in Sources */,
				687366B32B0198200008937A /* GraphCapsule.swift in Sources */,
				687366A62B016FEF0008937A /* RotateBadgeSymbol.swift in Sources */,
				6873669C2B007A4D0008937A /* ModelData.swift in Sources */,
				687366B52B0198200008937A /* HikeDetail.swift in Sources */,
				6873669B2B007A4D0008937A /* ContentView.swift in Sources */,
				687366AD2B0197700008937A /* Hike.swift in Sources */,
				687366A02B01668A0008937A /* HexagonParameters.swift in Sources */,
				687366A42B016F730008937A /* BadgeSymbol.swift in Sources */,
				687366982B007A4D0008937A /* MapView.swift in Sources */,
				687366B62B0198200008937A /* HikeView.swift in Sources */,
				687366972B007A4D0008937A /* LandmarkRow.swift in Sources */,
				687366A22B01677A0008937A /* BadgeBackground.swift in Sources */,
				6873669A2B007A4D0008937A /* FavoriteButton.swift in Sources */,
				687366952B007A4D0008937A /* LandmarkList.swift in Sources */,
				687366992B007A4D0008937A /* CircleImage.swift in Sources */,
				6873669D2B007A4D0008937A /* Landmark.swift in Sources */,
			);
			runOnlyForDeploymentPostprocessing = 0;
		};
/* End PBXSourcesBuildPhase section */

/* Begin XCBuildConfiguration section */
		6873663D2B001B840008937A /* Debug */ = {
			isa = XCBuildConfiguration;
			buildSettings = {
				ALWAYS_SEARCH_USER_PATHS = NO;
				ASSETCATALOG_COMPILER_GENERATE_SWIFT_ASSET_SYMBOL_EXTENSIONS = YES;
				CLANG_ANALYZER_NONNULL = YES;
				CLANG_ANALYZER_NUMBER_OBJECT_CONVERSION = YES_AGGRESSIVE;
				CLANG_CXX_LANGUAGE_STANDARD = "gnu++20";
				CLANG_ENABLE_MODULES = YES;
				CLANG_ENABLE_OBJC_ARC = YES;
				CLANG_ENABLE_OBJC_WEAK = YES;
				CLANG_WARN_BLOCK_CAPTURE_AUTORELEASING = YES;
				CLANG_WARN_BOOL_CONVERSION = YES;
				CLANG_WARN_COMMA = YES;
				CLANG_WARN_CONSTANT_CONVERSION = YES;
				CLANG_WARN_DEPRECATED_OBJC_IMPLEMENTATIONS = YES;
				CLANG_WARN_DIRECT_OBJC_ISA_USAGE = YES_ERROR;
				CLANG_WARN_DOCUMENTATION_COMMENTS = YES;
				CLANG_WARN_EMPTY_BODY = YES;
				CLANG_WARN_ENUM_CONVERSION = YES;
				CLANG_WARN_INFINITE_RECURSION = YES;
				CLANG_WARN_INT_CONVERSION = YES;
				CLANG_WARN_NON_LITERAL_NULL_CONVERSION = YES;
				CLANG_WARN_OBJC_IMPLICIT_RETAIN_SELF = YES;
				CLANG_WARN_OBJC_LITERAL_CONVERSION = YES;
				CLANG_WARN_OBJC_ROOT_CLASS = YES_ERROR;
				CLANG_WARN_QUOTED_INCLUDE_IN_FRAMEWORK_HEADER = YES;
				CLANG_WARN_RANGE_LOOP_ANALYSIS = YES;
				CLANG_WARN_STRICT_PROTOTYPES = YES;
				CLANG_WARN_SUSPICIOUS_MOVE = YES;
				CLANG_WARN_UNGUARDED_AVAILABILITY = YES_AGGRESSIVE;
				CLANG_WARN_UNREACHABLE_CODE = YES;
				CLANG_WARN__DUPLICATE_METHOD_MATCH = YES;
				COPY_PHASE_STRIP = NO;
				DEBUG_INFORMATION_FORMAT = dwarf;
				ENABLE_STRICT_OBJC_MSGSEND = YES;
				ENABLE_TESTABILITY = YES;
				ENABLE_USER_SCRIPT_SANDBOXING = YES;
				GCC_C_LANGUAGE_STANDARD = gnu17;
				GCC_DYNAMIC_NO_PIC = NO;
				GCC_NO_COMMON_BLOCKS = YES;
				GCC_OPTIMIZATION_LEVEL = 0;
				GCC_PREPROCESSOR_DEFINITIONS = (
					"DEBUG=1",
					"$(inherited)",
				);
				GCC_WARN_64_TO_32_BIT_CONVERSION = YES;
				GCC_WARN_ABOUT_RETURN_TYPE = YES_ERROR;
				GCC_WARN_UNDECLARED_SELECTOR = YES;
				GCC_WARN_UNINITIALIZED_AUTOS = YES_AGGRESSIVE;
				GCC_WARN_UNUSED_FUNCTION = YES;
				GCC_WARN_UNUSED_VARIABLE = YES;
				IPHONEOS_DEPLOYMENT_TARGET = 17.0;
				LOCALIZATION_PREFERS_STRING_CATALOGS = YES;
				MTL_ENABLE_DEBUG_INFO = INCLUDE_SOURCE;
				MTL_FAST_MATH = YES;
				ONLY_ACTIVE_ARCH = YES;
				SDKROOT = iphoneos;
				SWIFT_ACTIVE_COMPILATION_CONDITIONS = "DEBUG $(inherited)";
				SWIFT_OPTIMIZATION_LEVEL = "-Onone";
			};
			name = Debug;
		};
		6873663E2B001B840008937A /* Release */ = {
			isa = XCBuildConfiguration;
			buildSettings = {
				ALWAYS_SEARCH_USER_PATHS = NO;
				ASSETCATALOG_COMPILER_GENERATE_SWIFT_ASSET_SYMBOL_EXTENSIONS = YES;
				CLANG_ANALYZER_NONNULL = YES;
				CLANG_ANALYZER_NUMBER_OBJECT_CONVERSION = YES_AGGRESSIVE;
				CLANG_CXX_LANGUAGE_STANDARD = "gnu++20";
				CLANG_ENABLE_MODULES = YES;
				CLANG_ENABLE_OBJC_ARC = YES;
				CLANG_ENABLE_OBJC_WEAK = YES;
				CLANG_WARN_BLOCK_CAPTURE_AUTORELEASING = YES;
				CLANG_WARN_BOOL_CONVERSION = YES;
				CLANG_WARN_COMMA = YES;
				CLANG_WARN_CONSTANT_CONVERSION = YES;
				CLANG_WARN_DEPRECATED_OBJC_IMPLEMENTATIONS = YES;
				CLANG_WARN_DIRECT_OBJC_ISA_USAGE = YES_ERROR;
				CLANG_WARN_DOCUMENTATION_COMMENTS = YES;
				CLANG_WARN_EMPTY_BODY = YES;
				CLANG_WARN_ENUM_CONVERSION = YES;
				CLANG_WARN_INFINITE_RECURSION = YES;
				CLANG_WARN_INT_CONVERSION = YES;
				CLANG_WARN_NON_LITERAL_NULL_CONVERSION = YES;
				CLANG_WARN_OBJC_IMPLICIT_RETAIN_SELF = YES;
				CLANG_WARN_OBJC_LITERAL_CONVERSION = YES;
				CLANG_WARN_OBJC_ROOT_CLASS = YES_ERROR;
				CLANG_WARN_QUOTED_INCLUDE_IN_FRAMEWORK_HEADER = YES;
				CLANG_WARN_RANGE_LOOP_ANALYSIS = YES;
				CLANG_WARN_STRICT_PROTOTYPES = YES;
				CLANG_WARN_SUSPICIOUS_MOVE = YES;
				CLANG_WARN_UNGUARDED_AVAILABILITY = YES_AGGRESSIVE;
				CLANG_WARN_UNREACHABLE_CODE = YES;
				CLANG_WARN__DUPLICATE_METHOD_MATCH = YES;
				COPY_PHASE_STRIP = NO;
				DEBUG_INFORMATION_FORMAT = "dwarf-with-dsym";
				ENABLE_NS_ASSERTIONS = NO;
				ENABLE_STRICT_OBJC_MSGSEND = YES;
				ENABLE_USER_SCRIPT_SANDBOXING = YES;
				GCC_C_LANGUAGE_STANDARD = gnu17;
				GCC_NO_COMMON_BLOCKS = YES;
				GCC_WARN_64_TO_32_BIT_CONVERSION = YES;
				GCC_WARN_ABOUT_RETURN_TYPE = YES_ERROR;
				GCC_WARN_UNDECLARED_SELECTOR = YES;
				GCC_WARN_UNINITIALIZED_AUTOS = YES_AGGRESSIVE;
				GCC_WARN_UNUSED_FUNCTION = YES;
				GCC_WARN_UNUSED_VARIABLE = YES;
				IPHONEOS_DEPLOYMENT_TARGET = 17.0;
				LOCALIZATION_PREFERS_STRING_CATALOGS = YES;
				MTL_ENABLE_DEBUG_INFO = NO;
				MTL_FAST_MATH = YES;
				SDKROOT = iphoneos;
				SWIFT_COMPILATION_MODE = wholemodule;
				VALIDATE_PRODUCT = YES;
			};
			name = Release;
		};
		687366402B001B840008937A /* Debug */ = {
			isa = XCBuildConfiguration;
			buildSettings = {
				ASSETCATALOG_COMPILER_APPICON_NAME = AppIcon;
				ASSETCATALOG_COMPILER_GLOBAL_ACCENT_COLOR_NAME = AccentColor;
				CODE_SIGN_STYLE = Automatic;
				CURRENT_PROJECT_VERSION = 1;
				DEVELOPMENT_ASSET_PATHS = "\"Landmarks/Preview Content\"";
				DEVELOPMENT_TEAM = SUZ9JP45T8;
				ENABLE_PREVIEWS = YES;
				GENERATE_INFOPLIST_FILE = YES;
				INFOPLIST_KEY_UIApplicationSceneManifest_Generation = YES;
				INFOPLIST_KEY_UIApplicationSupportsIndirectInputEvents = YES;
				INFOPLIST_KEY_UILaunchScreen_Generation = YES;
				INFOPLIST_KEY_UISupportedInterfaceOrientations_iPad = "UIInterfaceOrientationPortrait UIInterfaceOrientationPortraitUpsideDown UIInterfaceOrientationLandscapeLeft UIInterfaceOrientationLandscapeRight";
				INFOPLIST_KEY_UISupportedInterfaceOrientations_iPhone = "UIInterfaceOrientationPortrait UIInterfaceOrientationLandscapeLeft UIInterfaceOrientationLandscapeRight";
				LD_RUNPATH_SEARCH_PATHS = (
					"$(inherited)",
					"@executable_path/Frameworks",
				);
				MARKETING_VERSION = 1.0;
				PRODUCT_BUNDLE_IDENTIFIER = "com.example.apple-samplecode.Landmarks";
				PRODUCT_NAME = "$(TARGET_NAME)";
				SWIFT_EMIT_LOC_STRINGS = YES;
				SWIFT_VERSION = 5.0;
				TARGETED_DEVICE_FAMILY = "1,2";
			};
			name = Debug;
		};
		687366412B001B840008937A /* Release */ = {
			isa = XCBuildConfiguration;
			buildSettings = {
				ASSETCATALOG_COMPILER_APPICON_NAME = AppIcon;
				ASSETCATALOG_COMPILER_GLOBAL_ACCENT_COLOR_NAME = AccentColor;
				CODE_SIGN_STYLE = Automatic;
				CURRENT_PROJECT_VERSION = 1;
				DEVELOPMENT_ASSET_PATHS = "\"Landmarks/Preview Content\"";
				DEVELOPMENT_TEAM = SUZ9JP45T8;
				ENABLE_PREVIEWS = YES;
				GENERATE_INFOPLIST_FILE = YES;
				INFOPLIST_KEY_UIApplicationSceneManifest_Generation = YES;
				INFOPLIST_KEY_UIApplicationSupportsIndirectInputEvents = YES;
				INFOPLIST_KEY_UILaunchScreen_Generation = YES;
				INFOPLIST_KEY_UISupportedInterfaceOrientations_iPad = "UIInterfaceOrientationPortrait UIInterfaceOrientationPortraitUpsideDown UIInterfaceOrientationLandscapeLeft UIInterfaceOrientationLandscapeRight";
				INFOPLIST_KEY_UISupportedInterfaceOrientations_iPhone = "UIInterfaceOrientationPortrait UIInterfaceOrientationLandscapeLeft UIInterfaceOrientationLandscapeRight";
				LD_RUNPATH_SEARCH_PATHS = (
					"$(inherited)",
					"@executable_path/Frameworks",
				);
				MARKETING_VERSION = 1.0;
				PRODUCT_BUNDLE_IDENTIFIER = "com.example.apple-samplecode.Landmarks";
				PRODUCT_NAME = "$(TARGET_NAME)";
				SWIFT_EMIT_LOC_STRINGS = YES;
				SWIFT_VERSION = 5.0;
				TARGETED_DEVICE_FAMILY = "1,2";
			};
			name = Release;
		};
/* End XCBuildConfiguration section */

/* Begin XCConfigurationList section */
		6873662C2B001B830008937A /* Build configuration list for PBXProject "Landmarks" */ = {
			isa = XCConfigurationList;
			buildConfigurations = (
				6873663D2B001B840008937A /* Debug */,
				6873663E2B001B840008937A /* Release */,
			);
			defaultConfigurationIsVisible = 0;
			defaultConfigurationName = Release;
		};
		6873663F2B001B840008937A /* Build configuration list for PBXNativeTarget "Landmarks" */ = {
			isa = XCConfigurationList;
			buildConfigurations = (
				687366402B001B840008937A /* Debug */,
				687366412B001B840008937A /* Release */,
			);
			defaultConfigurationIsVisible = 0;
			defaultConfigurationName = Release;
		};
/* End XCConfigurationList section */
	};
	rootObject = 687366292B001B830008937A /* Project object */;
}
